// !$*UTF8*$!
{
	archiveVersion = 1;
	classes = {
	};
	objectVersion = 46;
	objects = {

/* Begin PBXBuildFile section */
		711F10DE17DB8984008F29AA /* UIKit.framework in Frameworks */ = {isa = PBXBuildFile; fileRef = 711F10DD17DB8984008F29AA /* UIKit.framework */; };
		711F10E017DB8984008F29AA /* Foundation.framework in Frameworks */ = {isa = PBXBuildFile; fileRef = 711F10DF17DB8984008F29AA /* Foundation.framework */; };
		711F10E217DB8984008F29AA /* CoreGraphics.framework in Frameworks */ = {isa = PBXBuildFile; fileRef = 711F10E117DB8984008F29AA /* CoreGraphics.framework */; };
		711F10E817DB8984008F29AA /* InfoPlist.strings in Resources */ = {isa = PBXBuildFile; fileRef = 711F10E617DB8984008F29AA /* InfoPlist.strings */; };
		711F10EA17DB8984008F29AA /* main.m in Sources */ = {isa = PBXBuildFile; fileRef = 711F10E917DB8984008F29AA /* main.m */; };
		711F10EE17DB8985008F29AA /* AppDelegate.m in Sources */ = {isa = PBXBuildFile; fileRef = 711F10ED17DB8985008F29AA /* AppDelegate.m */; };
		711F10F017DB8985008F29AA /* Default.png in Resources */ = {isa = PBXBuildFile; fileRef = 711F10EF17DB8985008F29AA /* Default.png */; };
		711F10F217DB8985008F29AA /* Default@2x.png in Resources */ = {isa = PBXBuildFile; fileRef = 711F10F117DB8985008F29AA /* Default@2x.png */; };
		711F10F417DB8985008F29AA /* Default-568h@2x.png in Resources */ = {isa = PBXBuildFile; fileRef = 711F10F317DB8985008F29AA /* Default-568h@2x.png */; };
/* End PBXBuildFile section */

/* Begin PBXFileReference section */
		711F10DA17DB8984008F29AA /* 2storyboard.app */ = {isa = PBXFileReference; explicitFileType = wrapper.application; includeInIndex = 0; path = 2storyboard.app; sourceTree = BUILT_PRODUCTS_DIR; };
		711F10DD17DB8984008F29AA /* UIKit.framework */ = {isa = PBXFileReference; lastKnownFileType = wrapper.framework; name = UIKit.framework; path = System/Library/Frameworks/UIKit.framework; sourceTree = SDKROOT; };
		711F10DF17DB8984008F29AA /* Foundation.framework */ = {isa = PBXFileReference; lastKnownFileType = wrapper.framework; name = Foundation.framework; path = System/Library/Frameworks/Foundation.framework; sourceTree = SDKROOT; };
		711F10E117DB8984008F29AA /* CoreGraphics.framework */ = {isa = PBXFileReference; lastKnownFileType = wrapper.framework; name = CoreGraphics.framework; path = System/Library/Frameworks/CoreGraphics.framework; sourceTree = SDKROOT; };
		711F10E517DB8984008F29AA /* 2storyboard-Info.plist */ = {isa = PBXFileReference; lastKnownFileType = text.plist.xml; path = "2storyboard-Info.plist"; sourceTree = "<group>"; };
		711F10E717DB8984008F29AA /* en */ = {isa = PBXFileReference; lastKnownFileType = text.plist.strings; name = en; path = en.lproj/InfoPlist.strings; sourceTree = "<group>"; };
		711F10E917DB8984008F29AA /* main.m */ = {isa = PBXFileReference; lastKnownFileType = sourcecode.c.objc; path = main.m; sourceTree = "<group>"; };
		711F10EB17DB8984008F29AA /* 2storyboard-Prefix.pch */ = {isa = PBXFileReference; lastKnownFileType = sourcecode.c.h; path = "2storyboard-Prefix.pch"; sourceTree = "<group>"; };
		711F10EC17DB8984008F29AA /* AppDelegate.h */ = {isa = PBXFileReference; lastKnownFileType = sourcecode.c.h; path = AppDelegate.h; sourceTree = "<group>"; };
		711F10ED17DB8985008F29AA /* AppDelegate.m */ = {isa = PBXFileReference; lastKnownFileType = sourcecode.c.objc; path = AppDelegate.m; sourceTree = "<group>"; };
		711F10EF17DB8985008F29AA /* Default.png */ = {isa = PBXFileReference; lastKnownFileType = image.png; path = Default.png; sourceTree = "<group>"; };
		711F10F117DB8985008F29AA /* Default@2x.png */ = {isa = PBXFileReference; lastKnownFileType = image.png; path = "Default@2x.png"; sourceTree = "<group>"; };
		711F10F317DB8985008F29AA /* Default-568h@2x.png */ = {isa = PBXFileReference; lastKnownFileType = image.png; path = "Default-568h@2x.png"; sourceTree = "<group>"; };
/* End PBXFileReference section */

/* Begin PBXFrameworksBuildPhase section */
		711F10D717DB8984008F29AA /* Frameworks */ = {
			isa = PBXFrameworksBuildPhase;
			buildActionMask = 2147483647;
			files = (
				711F10DE17DB8984008F29AA /* UIKit.framework in Frameworks */,
				711F10E017DB8984008F29AA /* Foundation.framework in Frameworks */,
				711F10E217DB8984008F29AA /* CoreGraphics.framework in Frameworks */,
			);
			runOnlyForDeploymentPostprocessing = 0;
		};
/* End PBXFrameworksBuildPhase section */

/* Begin PBXGroup section */
		711F10D117DB8984008F29AA = {
			isa = PBXGroup;
			children = (
				711F10E317DB8984008F29AA /* 2storyboard */,
				711F10DC17DB8984008F29AA /* Frameworks */,
				711F10DB17DB8984008F29AA /* Products */,
			);
			sourceTree = "<group>";
		};
		711F10DB17DB8984008F29AA /* Products */ = {
			isa = PBXGroup;
			children = (
				711F10DA17DB8984008F29AA /* 2storyboard.app */,
			);
			name = Products;
			sourceTree = "<group>";
		};
		711F10DC17DB8984008F29AA /* Frameworks */ = {
			isa = PBXGroup;
			children = (
				711F10DD17DB8984008F29AA /* UIKit.framework */,
				711F10DF17DB8984008F29AA /* Foundation.framework */,
				711F10E117DB8984008F29AA /* CoreGraphics.framework */,
			);
			name = Frameworks;
			sourceTree = "<group>";
		};
		711F10E317DB8984008F29AA /* 2storyboard */ = {
			isa = PBXGroup;
			children = (
				711F10EC17DB8984008F29AA /* AppDelegate.h */,
				711F10ED17DB8985008F29AA /* AppDelegate.m */,
				711F10E417DB8984008F29AA /* Supporting Files */,
			);
			path = 2storyboard;
			sourceTree = "<group>";
		};
		711F10E417DB8984008F29AA /* Supporting Files */ = {
			isa = PBXGroup;
			children = (
				711F10E517DB8984008F29AA /* 2storyboard-Info.plist */,
				711F10E617DB8984008F29AA /* InfoPlist.strings */,
				711F10E917DB8984008F29AA /* main.m */,
				711F10EB17DB8984008F29AA /* 2storyboard-Prefix.pch */,
				711F10EF17DB8985008F29AA /* Default.png */,
				711F10F117DB8985008F29AA /* Default@2x.png */,
				711F10F317DB8985008F29AA /* Default-568h@2x.png */,
			);
			name = "Supporting Files";
			sourceTree = "<group>";
		};
/* End PBXGroup section */

/* Begin PBXNativeTarget section */
		711F10D917DB8984008F29AA /* 2storyboard */ = {
			isa = PBXNativeTarget;
			buildConfigurationList = 711F10F717DB8985008F29AA /* Build configuration list for PBXNativeTarget "2storyboard" */;
			buildPhases = (
				711F10D617DB8984008F29AA /* Sources */,
				711F10D717DB8984008F29AA /* Frameworks */,
				711F10D817DB8984008F29AA /* Resources */,
			);
			buildRules = (
			);
			dependencies = (
			);
			name = 2storyboard;
			productName = 2storyboard;
			productReference = 711F10DA17DB8984008F29AA /* 2storyboard.app */;
			productType = "com.apple.product-type.application";
		};
/* End PBXNativeTarget section */

/* Begin PBXProject section */
		711F10D217DB8984008F29AA /* Project object */ = {
			isa = PBXProject;
			attributes = {
				LastUpgradeCheck = 0460;
				ORGANIZATIONNAME = benlu;
			};
			buildConfigurationList = 711F10D517DB8984008F29AA /* Build configuration list for PBXProject "2storyboard" */;
			compatibilityVersion = "Xcode 3.2";
			developmentRegion = English;
			hasScannedForEncodings = 0;
			knownRegions = (
				en,
			);
			mainGroup = 711F10D117DB8984008F29AA;
			productRefGroup = 711F10DB17DB8984008F29AA /* Products */;
			projectDirPath = "";
			projectRoot = "";
			targets = (
				711F10D917DB8984008F29AA /* 2storyboard */,
			);
		};
/* End PBXProject section */

/* Begin PBXResourcesBuildPhase section */
		711F10D817DB8984008F29AA /* Resources */ = {
			isa = PBXResourcesBuildPhase;
			buildActionMask = 2147483647;
			files = (
				711F10E817DB8984008F29AA /* InfoPlist.strings in Resources */,
				711F10F017DB8985008F29AA /* Default.png in Resources */,
				711F10F217DB8985008F29AA /* Default@2x.png in Resources */,
				711F10F417DB8985008F29AA /* Default-568h@2x.png in Resources */,
			);
			runOnlyForDeploymentPostprocessing = 0;
		};
/* End PBXResourcesBuildPhase section */

/* Begin PBXSourcesBuildPhase section */
		711F10D617DB8984008F29AA /* Sources */ = {
			isa = PBXSourcesBuildPhase;
			buildActionMask = 2147483647;
			files = (
				711F10EA17DB8984008F29AA /* main.m in Sources */,
				711F10EE17DB8985008F29AA /* AppDelegate.m in Sources */,
			);
			runOnlyForDeploymentPostprocessing = 0;
		};
/* End PBXSourcesBuildPhase section */

/* Begin PBXVariantGroup section */
		711F10E617DB8984008F29AA /* InfoPlist.strings */ = {
			isa = PBXVariantGroup;
			children = (
				711F10E717DB8984008F29AA /* en */,
			);
			name = InfoPlist.strings;
			sourceTree = "<group>";
		};
/* End PBXVariantGroup section */

/* Begin XCBuildConfiguration section */
		711F10F517DB8985008F29AA /* Debug */ = {
			isa = XCBuildConfiguration;
			buildSettings = {
				ALWAYS_SEARCH_USER_PATHS = NO;
				CLANG_CXX_LANGUAGE_STANDARD = "gnu++0x";
				CLANG_CXX_LIBRARY = "libc++";
				CLANG_WARN_CONSTANT_CONVERSION = YES;
				CLANG_WARN_EMPTY_BODY = YES;
				CLANG_WARN_ENUM_CONVERSION = YES;
				CLANG_WARN_INT_CONVERSION = YES;
				CLANG_WARN__DUPLICATE_METHOD_MATCH = YES;
				"CODE_SIGN_IDENTITY[sdk=iphoneos*]" = "iPhone Developer";
				COPY_PHASE_STRIP = NO;
				GCC_C_LANGUAGE_STANDARD = gnu99;
				GCC_DYNAMIC_NO_PIC = NO;
				GCC_OPTIMIZATION_LEVEL = 0;
				GCC_PREPROCESSOR_DEFINITIONS = (
					"DEBUG=1",
					"$(inherited)",
				);
				GCC_SYMBOLS_PRIVATE_EXTERN = NO;
				GCC_WARN_ABOUT_RETURN_TYPE = YES;
				GCC_WARN_UNINITIALIZED_AUTOS = YES;
				GCC_WARN_UNUSED_VARIABLE = YES;
				IPHONEOS_DEPLOYMENT_TARGET = 6.1;
				ONLY_ACTIVE_ARCH = YES;
				SDKROOT = iphoneos;
			};
			name = Debug;
		};
		711F10F617DB8985008F29AA /* Release */ = {
			isa = XCBuildConfiguration;
			buildSettings = {
				ALWAYS_SEARCH_USER_PATHS = NO;
				CLANG_CXX_LANGUAGE_STANDARD = "gnu++0x";
				CLANG_CXX_LIBRARY = "libc++";
				CLANG_WARN_CONSTANT_CONVERSION = YES;
				CLANG_WARN_EMPTY_BODY = YES;
				CLANG_WARN_ENUM_CONVERSION = YES;
				CLANG_WARN_INT_CONVERSION = YES;
				CLANG_WARN__DUPLICATE_METHOD_MATCH = YES;
				"CODE_SIGN_IDENTITY[sdk=iphoneos*]" = "iPhone Developer";
				COPY_PHASE_STRIP = YES;
				GCC_C_LANGUAGE_STANDARD = gnu99;
				GCC_WARN_ABOUT_RETURN_TYPE = YES;
				GCC_WARN_UNINITIALIZED_AUTOS = YES;
				GCC_WARN_UNUSED_VARIABLE = YES;
				IPHONEOS_DEPLOYMENT_TARGET = 6.1;
				OTHER_CFLAGS = "-DNS_BLOCK_ASSERTIONS=1";
				SDKROOT = iphoneos;
				VALIDATE_PRODUCT = YES;
			};
			name = Release;
		};
		711F10F817DB8985008F29AA /* Debug */ = {
			isa = XCBuildConfiguration;
			buildSettings = {
				GCC_PRECOMPILE_PREFIX_HEADER = YES;
				GCC_PREFIX_HEADER = "2storyboard/2storyboard-Prefix.pch";
				INFOPLIST_FILE = "2storyboard/2storyboard-Info.plist";
				PRODUCT_NAME = "$(TARGET_NAME)";
				WRAPPER_EXTENSION = app;
			};
			name = Debug;
		};
		711F10F917DB8985008F29AA /* Release */ = {
			isa = XCBuildConfiguration;
			buildSettings = {
				GCC_PRECOMPILE_PREFIX_HEADER = YES;
				GCC_PREFIX_HEADER = "2storyboard/2storyboard-Prefix.pch";
				INFOPLIST_FILE = "2storyboard/2storyboard-Info.plist";
				PRODUCT_NAME = "$(TARGET_NAME)";
				WRAPPER_EXTENSION = app;
			};
			name = Release;
		};
/* End XCBuildConfiguration section */

/* Begin XCConfigurationList section */
		711F10D517DB8984008F29AA /* Build configuration list for PBXProject "2storyboard" */ = {
			isa = XCConfigurationList;
			buildConfigurations = (
				711F10F517DB8985008F29AA /* Debug */,
				711F10F617DB8985008F29AA /* Release */,
			);
			defaultConfigurationIsVisible = 0;
			defaultConfigurationName = Release;
		};
		711F10F717DB8985008F29AA /* Build configuration list for PBXNativeTarget "2storyboard" */ = {
			isa = XCConfigurationList;
			buildConfigurations = (
				711F10F817DB8985008F29AA /* Debug */,
				711F10F917DB8985008F29AA /* Release */,
			);
			defaultConfigurationIsVisible = 0;
		};
/* End XCConfigurationList section */
	};
	rootObject = 711F10D217DB8984008F29AA /* Project object */;
}
